// !$*UTF8*$!
{
	archiveVersion = 1;
	classes = {
	};
	objectVersion = 50;
	objects = {

/* Begin PBXBuildFile section */
		873CAFAC20ACC2B00012D2BA /* AppDelegate.swift in Sources */ = {isa = PBXBuildFile; fileRef = 873CAFAB20ACC2B00012D2BA /* AppDelegate.swift */; };
		873CAFAE20ACC2B00012D2BA /* ViewController.swift in Sources */ = {isa = PBXBuildFile; fileRef = 873CAFAD20ACC2B00012D2BA /* ViewController.swift */; };
		873CAFB120ACC2B00012D2BA /* Main.storyboard in Resources */ = {isa = PBXBuildFile; fileRef = 873CAFAF20ACC2B00012D2BA /* Main.storyboard */; };
		873CAFB320ACC2B10012D2BA /* Assets.xcassets in Resources */ = {isa = PBXBuildFile; fileRef = 873CAFB220ACC2B10012D2BA /* Assets.xcassets */; };
		873CAFB620ACC2B10012D2BA /* LaunchScreen.storyboard in Resources */ = {isa = PBXBuildFile; fileRef = 873CAFB420ACC2B10012D2BA /* LaunchScreen.storyboard */; };
		873CAFBE20ACCE4E0012D2BA /* BinaryDecimal.swift in Sources */ = {isa = PBXBuildFile; fileRef = 873CAFBD20ACCE4E0012D2BA /* BinaryDecimal.swift */; };
/* End PBXBuildFile section */

/* Begin PBXFileReference section */
		873CAFA820ACC2B00012D2BA /* Binarios.app */ = {isa = PBXFileReference; explicitFileType = wrapper.application; includeInIndex = 0; path = Binarios.app; sourceTree = BUILT_PRODUCTS_DIR; };
		873CAFAB20ACC2B00012D2BA /* AppDelegate.swift */ = {isa = PBXFileReference; lastKnownFileType = sourcecode.swift; path = AppDelegate.swift; sourceTree = "<group>"; };
		873CAFAD20ACC2B00012D2BA /* ViewController.swift */ = {isa = PBXFileReference; lastKnownFileType = sourcecode.swift; path = ViewController.swift; sourceTree = "<group>"; };
		873CAFB020ACC2B00012D2BA /* Base */ = {isa = PBXFileReference; lastKnownFileType = file.storyboard; name = Base; path = Base.lproj/Main.storyboard; sourceTree = "<group>"; };
		873CAFB220ACC2B10012D2BA /* Assets.xcassets */ = {isa = PBXFileReference; lastKnownFileType = folder.assetcatalog; path = Assets.xcassets; sourceTree = "<group>"; };
		873CAFB520ACC2B10012D2BA /* Base */ = {isa = PBXFileReference; lastKnownFileType = file.storyboard; name = Base; path = Base.lproj/LaunchScreen.storyboard; sourceTree = "<group>"; };
		873CAFB720ACC2B10012D2BA /* Info.plist */ = {isa = PBXFileReference; lastKnownFileType = text.plist.xml; path = Info.plist; sourceTree = "<group>"; };
		873CAFBD20ACCE4E0012D2BA /* BinaryDecimal.swift */ = {isa = PBXFileReference; lastKnownFileType = sourcecode.swift; path = BinaryDecimal.swift; sourceTree = "<group>"; };
/* End PBXFileReference section */

/* Begin PBXFrameworksBuildPhase section */
		873CAFA520ACC2B00012D2BA /* Frameworks */ = {
			isa = PBXFrameworksBuildPhase;
			buildActionMask = 2147483647;
			files = (
			);
			runOnlyForDeploymentPostprocessing = 0;
		};
/* End PBXFrameworksBuildPhase section */

/* Begin PBXGroup section */
		873CAF9F20ACC2B00012D2BA = {
			isa = PBXGroup;
			children = (
				873CAFAA20ACC2B00012D2BA /* Binarios */,
				873CAFA920ACC2B00012D2BA /* Products */,
			);
			sourceTree = "<group>";
		};
		873CAFA920ACC2B00012D2BA /* Products */ = {
			isa = PBXGroup;
			children = (
				873CAFA820ACC2B00012D2BA /* Binarios.app */,
			);
			name = Products;
			sourceTree = "<group>";
		};
		873CAFAA20ACC2B00012D2BA /* Binarios */ = {
			isa = PBXGroup;
			children = (
				873CAFBF20ACCE570012D2BA /* Model */,
				873CAFAB20ACC2B00012D2BA /* AppDelegate.swift */,
				873CAFAD20ACC2B00012D2BA /* ViewController.swift */,
				873CAFAF20ACC2B00012D2BA /* Main.storyboard */,
				873CAFB220ACC2B10012D2BA /* Assets.xcassets */,
				873CAFB420ACC2B10012D2BA /* LaunchScreen.storyboard */,
				873CAFB720ACC2B10012D2BA /* Info.plist */,
			);
			path = Binarios;
			sourceTree = "<group>";
		};
		873CAFBF20ACCE570012D2BA /* Model */ = {
			isa = PBXGroup;
			children = (
				873CAFBD20ACCE4E0012D2BA /* BinaryDecimal.swift */,
			);
			path = Model;
			sourceTree = "<group>";
		};
/* End PBXGroup section */

/* Begin PBXNativeTarget section */
		873CAFA720ACC2B00012D2BA /* Binarios */ = {
			isa = PBXNativeTarget;
			buildConfigurationList = 873CAFBA20ACC2B10012D2BA /* Build configuration list for PBXNativeTarget "Binarios" */;
			buildPhases = (
				873CAFA420ACC2B00012D2BA /* Sources */,
				873CAFA520ACC2B00012D2BA /* Frameworks */,
				873CAFA620ACC2B00012D2BA /* Resources */,
			);
			buildRules = (
			);
			dependencies = (
			);
			name = Binarios;
			productName = Binarios;
			productReference = 873CAFA820ACC2B00012D2BA /* Binarios.app */;
			productType = "com.apple.product-type.application";
		};
/* End PBXNativeTarget section */

/* Begin PBXProject section */
		873CAFA020ACC2B00012D2BA /* Project object */ = {
			isa = PBXProject;
			attributes = {
				LastSwiftUpdateCheck = 0930;
				LastUpgradeCheck = 0930;
				ORGANIZATIONNAME = "Juan Morillo";
				TargetAttributes = {
					873CAFA720ACC2B00012D2BA = {
						CreatedOnToolsVersion = 9.3.1;
					};
				};
			};
			buildConfigurationList = 873CAFA320ACC2B00012D2BA /* Build configuration list for PBXProject "Binarios" */;
			compatibilityVersion = "Xcode 9.3";
			developmentRegion = en;
			hasScannedForEncodings = 0;
			knownRegions = (
				en,
				Base,
			);
			mainGroup = 873CAF9F20ACC2B00012D2BA;
			productRefGroup = 873CAFA920ACC2B00012D2BA /* Products */;
			projectDirPath = "";
			projectRoot = "";
			targets = (
				873CAFA720ACC2B00012D2BA /* Binarios */,
			);
		};
/* End PBXProject section */

/* Begin PBXResourcesBuildPhase section */
		873CAFA620ACC2B00012D2BA /* Resources */ = {
			isa = PBXResourcesBuildPhase;
			buildActionMask = 2147483647;
			files = (
				873CAFB620ACC2B10012D2BA /* LaunchScreen.storyboard in Resources */,
				873CAFB320ACC2B10012D2BA /* Assets.xcassets in Resources */,
				873CAFB120ACC2B00012D2BA /* Main.storyboard in Resources */,
			);
			runOnlyForDeploymentPostprocessing = 0;
		};
/* End PBXResourcesBuildPhase section */

/* Begin PBXSourcesBuildPhase section */
		873CAFA420ACC2B00012D2BA /* Sources */ = {
			isa = PBXSourcesBuildPhase;
			buildActionMask = 2147483647;
			files = (
				873CAFBE20ACCE4E0012D2BA /* BinaryDecimal.swift in Sources */,
				873CAFAE20ACC2B00012D2BA /* ViewController.swift in Sources */,
				873CAFAC20ACC2B00012D2BA /* AppDelegate.swift in Sources */,
			);
			runOnlyForDeploymentPostprocessing = 0;
		};
/* End PBXSourcesBuildPhase section */

/* Begin PBXVariantGroup section */
		873CAFAF20ACC2B00012D2BA /* Main.storyboard */ = {
			isa = PBXVariantGroup;
			children = (
				873CAFB020ACC2B00012D2BA /* Base */,
			);
			name = Main.storyboard;
			sourceTree = "<group>";
		};
		873CAFB420ACC2B10012D2BA /* LaunchScreen.storyboard */ = {
			isa = PBXVariantGroup;
			children = (
				873CAFB520ACC2B10012D2BA /* Base */,
			);
			name = LaunchScreen.storyboard;
			sourceTree = "<group>";
		};
/* End PBXVariantGroup section */

/* Begin XCBuildConfiguration section */
		873CAFB820ACC2B10012D2BA /* Debug */ = {
			isa = XCBuildConfiguration;
			buildSettings = {
				ALWAYS_SEARCH_USER_PATHS = NO;
				CLANG_ANALYZER_NONNULL = YES;
				CLANG_ANALYZER_NUMBER_OBJECT_CONVERSION = YES_AGGRESSIVE;
				CLANG_CXX_LANGUAGE_STANDARD = "gnu++14";
				CLANG_CXX_LIBRARY = "libc++";
				CLANG_ENABLE_MODULES = YES;
				CLANG_ENABLE_OBJC_ARC = YES;
				CLANG_ENABLE_OBJC_WEAK = YES;
				CLANG_WARN_BLOCK_CAPTURE_AUTORELEASING = YES;
				CLANG_WARN_BOOL_CONVERSION = YES;
				CLANG_WARN_COMMA = YES;
				CLANG_WARN_CONSTANT_CONVERSION = YES;
				CLANG_WARN_DEPRECATED_OBJC_IMPLEMENTATIONS = YES;
				CLANG_WARN_DIRECT_OBJC_ISA_USAGE = YES_ERROR;
				CLANG_WARN_DOCUMENTATION_COMMENTS = YES;
				CLANG_WARN_EMPTY_BODY = YES;
				CLANG_WARN_ENUM_CONVERSION = YES;
				CLANG_WARN_INFINITE_RECURSION = YES;
				CLANG_WARN_INT_CONVERSION = YES;
				CLANG_WARN_NON_LITERAL_NULL_CONVERSION = YES;
				CLANG_WARN_OBJC_IMPLICIT_RETAIN_SELF = YES;
				CLANG_WARN_OBJC_LITERAL_CONVERSION = YES;
				CLANG_WARN_OBJC_ROOT_CLASS = YES_ERROR;
				CLANG_WARN_RANGE_LOOP_ANALYSIS = YES;
				CLANG_WARN_STRICT_PROTOTYPES = YES;
				CLANG_WARN_SUSPICIOUS_MOVE = YES;
				CLANG_WARN_UNGUARDED_AVAILABILITY = YES_AGGRESSIVE;
				CLANG_WARN_UNREACHABLE_CODE = YES;
				CLANG_WARN__DUPLICATE_METHOD_MATCH = YES;
				CODE_SIGN_IDENTITY = "iPhone Developer";
				COPY_PHASE_STRIP = NO;
				DEBUG_INFORMATION_FORMAT = dwarf;
				ENABLE_STRICT_OBJC_MSGSEND = YES;
				ENABLE_TESTABILITY = YES;
				GCC_C_LANGUAGE_STANDARD = gnu11;
				GCC_DYNAMIC_NO_PIC = NO;
				GCC_NO_COMMON_BLOCKS = YES;
				GCC_OPTIMIZATION_LEVEL = 0;
				GCC_PREPROCESSOR_DEFINITIONS = (
					"DEBUG=1",
					"$(inherited)",
				);
				GCC_WARN_64_TO_32_BIT_CONVERSION = YES;
				GCC_WARN_ABOUT_RETURN_TYPE = YES_ERROR;
				GCC_WARN_UNDECLARED_SELECTOR = YES;
				GCC_WARN_UNINITIALIZED_AUTOS = YES_AGGRESSIVE;
				GCC_WARN_UNUSED_FUNCTION = YES;
				GCC_WARN_UNUSED_VARIABLE = YES;
				IPHONEOS_DEPLOYMENT_TARGET = 11.3;
				MTL_ENABLE_DEBUG_INFO = YES;
				ONLY_ACTIVE_ARCH = YES;
				SDKROOT = iphoneos;
				SWIFT_ACTIVE_COMPILATION_CONDITIONS = DEBUG;
				SWIFT_OPTIMIZATION_LEVEL = "-Onone";
			};
			name = Debug;
		};
		873CAFB920ACC2B10012D2BA /* Release */ = {
			isa = XCBuildConfiguration;
			buildSettings = {
				ALWAYS_SEARCH_USER_PATHS = NO;
				CLANG_ANALYZER_NONNULL = YES;
				CLANG_ANALYZER_NUMBER_OBJECT_CONVERSION = YES_AGGRESSIVE;
				CLANG_CXX_LANGUAGE_STANDARD = "gnu++14";
				CLANG_CXX_LIBRARY = "libc++";
				CLANG_ENABLE_MODULES = YES;
				CLANG_ENABLE_OBJC_ARC = YES;
				CLANG_ENABLE_OBJC_WEAK = YES;
				CLANG_WARN_BLOCK_CAPTURE_AUTORELEASING = YES;
				CLANG_WARN_BOOL_CONVERSION = YES;
				CLANG_WARN_COMMA = YES;
				CLANG_WARN_CONSTANT_CONVERSION = YES;
				CLANG_WARN_DEPRECATED_OBJC_IMPLEMENTATIONS = YES;
				CLANG_WARN_DIRECT_OBJC_ISA_USAGE = YES_ERROR;
				CLANG_WARN_DOCUMENTATION_COMMENTS = YES;
				CLANG_WARN_EMPTY_BODY = YES;
				CLANG_WARN_ENUM_CONVERSION = YES;
				CLANG_WARN_INFINITE_RECURSION = YES;
				CLANG_WARN_INT_CONVERSION = YES;
				CLANG_WARN_NON_LITERAL_NULL_CONVERSION = YES;
				CLANG_WARN_OBJC_IMPLICIT_RETAIN_SELF = YES;
				CLANG_WARN_OBJC_LITERAL_CONVERSION = YES;
				CLANG_WARN_OBJC_ROOT_CLASS = YES_ERROR;
				CLANG_WARN_RANGE_LOOP_ANALYSIS = YES;
				CLANG_WARN_STRICT_PROTOTYPES = YES;
				CLANG_WARN_SUSPICIOUS_MOVE = YES;
				CLANG_WARN_UNGUARDED_AVAILABILITY = YES_AGGRESSIVE;
				CLANG_WARN_UNREACHABLE_CODE = YES;
				CLANG_WARN__DUPLICATE_METHOD_MATCH = YES;
				CODE_SIGN_IDENTITY = "iPhone Developer";
				COPY_PHASE_STRIP = NO;
				DEBUG_INFORMATION_FORMAT = "dwarf-with-dsym";
				ENABLE_NS_ASSERTIONS = NO;
				ENABLE_STRICT_OBJC_MSGSEND = YES;
				GCC_C_LANGUAGE_STANDARD = gnu11;
				GCC_NO_COMMON_BLOCKS = YES;
				GCC_WARN_64_TO_32_BIT_CONVERSION = YES;
				GCC_WARN_ABOUT_RETURN_TYPE = YES_ERROR;
				GCC_WARN_UNDECLARED_SELECTOR = YES;
				GCC_WARN_UNINITIALIZED_AUTOS = YES_AGGRESSIVE;
				GCC_WARN_UNUSED_FUNCTION = YES;
				GCC_WARN_UNUSED_VARIABLE = YES;
				IPHONEOS_DEPLOYMENT_TARGET = 11.3;
				MTL_ENABLE_DEBUG_INFO = NO;
				SDKROOT = iphoneos;
				SWIFT_COMPILATION_MODE = wholemodule;
				SWIFT_OPTIMIZATION_LEVEL = "-O";
				VALIDATE_PRODUCT = YES;
			};
			name = Release;
		};
		873CAFBB20ACC2B10012D2BA /* Debug */ = {
			isa = XCBuildConfiguration;
			buildSettings = {
				ASSETCATALOG_COMPILER_APPICON_NAME = AppIcon;
				CODE_SIGN_STYLE = Automatic;
				DEVELOPMENT_TEAM = 6ZJQ583HU9;
				INFOPLIST_FILE = Binarios/Info.plist;
				LD_RUNPATH_SEARCH_PATHS = (
					"$(inherited)",
					"@executable_path/Frameworks",
				);
				PRODUCT_BUNDLE_IDENTIFIER = com.juanmorillios.Binarios;
				PRODUCT_NAME = "$(TARGET_NAME)";
				SWIFT_VERSION = 4.0;
				TARGETED_DEVICE_FAMILY = "1,2";
			};
			name = Debug;
		};
		873CAFBC20ACC2B10012D2BA /* Release */ = {
			isa = XCBuildConfiguration;
			buildSettings = {
				ASSETCATALOG_COMPILER_APPICON_NAME = AppIcon;
				CODE_SIGN_STYLE = Automatic;
				DEVELOPMENT_TEAM = 6ZJQ583HU9;
				INFOPLIST_FILE = Binarios/Info.plist;
				LD_RUNPATH_SEARCH_PATHS = (
					"$(inherited)",
					"@executable_path/Frameworks",
				);
				PRODUCT_BUNDLE_IDENTIFIER = com.juanmorillios.Binarios;
				PRODUCT_NAME = "$(TARGET_NAME)";
				SWIFT_VERSION = 4.0;
				TARGETED_DEVICE_FAMILY = "1,2";
			};
			name = Release;
		};
/* End XCBuildConfiguration section */

/* Begin XCConfigurationList section */
		873CAFA320ACC2B00012D2BA /* Build configuration list for PBXProject "Binarios" */ = {
			isa = XCConfigurationList;
			buildConfigurations = (
				873CAFB820ACC2B10012D2BA /* Debug */,
				873CAFB920ACC2B10012D2BA /* Release */,
			);
			defaultConfigurationIsVisible = 0;
			defaultConfigurationName = Release;
		};
		873CAFBA20ACC2B10012D2BA /* Build configuration list for PBXNativeTarget "Binarios" */ = {
			isa = XCConfigurationList;
			buildConfigurations = (
				873CAFBB20ACC2B10012D2BA /* Debug */,
				873CAFBC20ACC2B10012D2BA /* Release */,
			);
			defaultConfigurationIsVisible = 0;
			defaultConfigurationName = Release;
		};
/* End XCConfigurationList section */
	};
	rootObject = 873CAFA020ACC2B00012D2BA /* Project object */;
}
